
Microsoft Visual Studio Solution File, Format Version 12.00
# Visual Studio Version 17
VisualStudioVersion = 17.3.32929.385
MinimumVisualStudioVersion = 10.0.40219.1
Project("{FAE04EC0-301F-11D3-BF4B-00C04F79EFBC}") = "A04BarsRace", "A04BarsRace\A04BarsRace.csproj", "{F77BAD78-8F99-4305-9C7A-F08F771F3B91}"
EndProject
Global
	GlobalSection(SolutionConfigurationPlatforms) = preSolution
		Debug|Any CPU = Debug|Any CPU
		Release|Any CPU = Release|Any CPU
	EndGlobalSection
	GlobalSection(ProjectConfigurationPlatforms) = postSolution
		{F77BAD78-8F99-4305-9C7A-F08F771F3B91}.Debug|Any CPU.ActiveCfg = Debug|Any CPU
		{F77BAD78-8F99-4305-9C7A-F08F771F3B91}.Debug|Any CPU.Build.0 = Debug|Any CPU
		{F77BAD78-8F99-4305-9C7A-F08F771F3B91}.Release|Any CPU.ActiveCfg = Release|Any CPU
		{F77BAD78-8F99-4305-9C7A-F08F771F3B91}.Release|Any CPU.Build.0 = Release|Any CPU
	EndGlobalSection
	GlobalSection(SolutionProperties) = preSolution
		HideSolutionNode = FALSE
	EndGlobalSection
	GlobalSection(ExtensibilityGlobals) = postSolution
		SolutionGuid = {43668A88-7CEA-451A-A1F3-955F9711589E}
	EndGlobalSection
EndGlobal
